#MicroXplorer Configuration settings - do not modify
Dma.Request0=SAI1_A
Dma.RequestsNb=1
Dma.SAI1_A.0.Direction=DMA_PERIPH_TO_MEMORY
Dma.SAI1_A.0.FIFOMode=DMA_FIFOMODE_ENABLE
Dma.SAI1_A.0.FIFOThreshold=DMA_FIFO_THRESHOLD_FULL
Dma.SAI1_A.0.Instance=DMA2_Stream1
Dma.SAI1_A.0.MemBurst=DMA_MBURST_SINGLE
Dma.SAI1_A.0.MemDataAlignment=DMA_MDATAALIGN_WORD
Dma.SAI1_A.0.MemInc=DMA_MINC_ENABLE
Dma.SAI1_A.0.Mode=DMA_CIRCULAR
Dma.SAI1_A.0.PeriphBurst=DMA_PBURST_SINGLE
Dma.SAI1_A.0.PeriphDataAlignment=DMA_PDATAALIGN_WORD
Dma.SAI1_A.0.PeriphInc=DMA_PINC_DISABLE
Dma.SAI1_A.0.Priority=DMA_PRIORITY_LOW
Dma.SAI1_A.0.RequestParameters=Instance,Direction,PeriphInc,MemInc,PeriphDataAlignment,MemDataAlignment,Mode,Priority,FIFOMode,FIFOThreshold,MemBurst,PeriphBurst
File.Version=6
KeepUserPlacement=false
Mcu.Family=STM32F7
Mcu.IP0=CORTEX_M7
Mcu.IP1=DMA
Mcu.IP2=NVIC
Mcu.IP3=RCC
Mcu.IP4=SAI1
Mcu.IP5=SPI1
Mcu.IP6=SYS
Mcu.IP7=UART7
Mcu.IPNb=8
Mcu.Name=STM32F767ZITx
Mcu.Package=LQFP144
Mcu.Pin0=PE4
Mcu.Pin1=PE5
Mcu.Pin10=PB14
Mcu.Pin11=PB15
Mcu.Pin12=PC6
Mcu.Pin13=PC7
Mcu.Pin14=PC8
Mcu.Pin15=PC9
Mcu.Pin16=PA15
Mcu.Pin17=PC10
Mcu.Pin18=PC11
Mcu.Pin19=PC12
Mcu.Pin2=PE6
Mcu.Pin20=PD3
Mcu.Pin21=PD4
Mcu.Pin22=PD5
Mcu.Pin23=PD6
Mcu.Pin24=PD7
Mcu.Pin25=PB3
Mcu.Pin26=PB4
Mcu.Pin27=PB5
Mcu.Pin28=VP_SAI1_VP_$IpInstance_SAIA_SAI_BASIC
Mcu.Pin29=VP_SYS_VS_Systick
Mcu.Pin3=PF6
Mcu.Pin4=PF7
Mcu.Pin5=PA4
Mcu.Pin6=PA5
Mcu.Pin7=PA6
Mcu.Pin8=PA7
Mcu.Pin9=PB13
Mcu.PinsNb=30
Mcu.UserConstants=
Mcu.UserName=STM32F767ZITx
MxCube.Version=4.23.0
MxDb.Version=DB.4.0.230
NVIC.BusFault_IRQn=true\:0\:0\:false\:false\:true\:false
NVIC.DMA2_Stream1_IRQn=true\:0\:0\:false\:false\:true\:false
NVIC.DebugMonitor_IRQn=true\:0\:0\:false\:false\:true\:false
NVIC.HardFault_IRQn=true\:0\:0\:false\:false\:true\:false
NVIC.MemoryManagement_IRQn=true\:0\:0\:false\:false\:true\:false
NVIC.NonMaskableInt_IRQn=true\:0\:0\:false\:false\:true\:false
NVIC.PendSV_IRQn=true\:0\:0\:false\:false\:true\:false
NVIC.PriorityGroup=NVIC_PRIORITYGROUP_4
NVIC.SVCall_IRQn=true\:0\:0\:false\:false\:true\:false
NVIC.SysTick_IRQn=true\:0\:0\:false\:false\:true\:false
NVIC.UsageFault_IRQn=true\:0\:0\:false\:false\:true\:false
PA15.Locked=true
PA15.Signal=GPIO_Output
PA4.Locked=true
PA4.Signal=GPIO_Output
PA5.Mode=Full_Duplex_Master
PA5.Signal=SPI1_SCK
PA6.Mode=Full_Duplex_Master
PA6.Signal=SPI1_MISO
PA7.Mode=Full_Duplex_Master
PA7.Signal=SPI1_MOSI
PB13.Locked=true
PB13.Signal=GPIO_Output
PB14.Locked=true
PB14.Signal=GPIO_Output
PB15.Locked=true
PB15.Signal=GPIO_Output
PB3.Locked=true
PB3.Signal=GPIO_Output
PB4.Locked=true
PB4.Signal=GPIO_Output
PB5.Locked=true
PB5.Signal=GPIO_Output
PC10.GPIOParameters=GPIO_PuPd
PC10.GPIO_PuPd=GPIO_PULLDOWN
PC10.Locked=true
PC10.Signal=GPXTI10
PC11.GPIOParameters=GPIO_PuPd
PC11.GPIO_PuPd=GPIO_PULLDOWN
PC11.Locked=true
PC11.Signal=GPXTI11
PC12.GPIOParameters=GPIO_PuPd
PC12.GPIO_PuPd=GPIO_PULLDOWN
PC12.Locked=true
PC12.Signal=GPXTI12
PC6.Locked=true
PC6.Signal=GPIO_Output
PC7.Locked=true
PC7.Signal=GPIO_Output
PC8.GPIOParameters=GPIO_PuPd
PC8.GPIO_PuPd=GPIO_PULLDOWN
PC8.Locked=true
PC8.Signal=GPXTI8
PC9.GPIOParameters=GPIO_PuPd
PC9.GPIO_PuPd=GPIO_PULLDOWN
PC9.Locked=true
PC9.Signal=GPXTI9
PCC.Checker=false
PCC.Line=STM32F7x7
PCC.MCU=STM32F767ZITx
PCC.PartNumber=STM32F767ZITx
PCC.Seq0=0
PCC.Series=STM32F7
PCC.Temperature=25
PCC.Vdd=3.3
PD3.GPIOParameters=GPIO_PuPd
PD3.GPIO_PuPd=GPIO_PULLDOWN
PD3.Locked=true
PD3.Signal=GPXTI3
PD4.GPIOParameters=GPIO_PuPd
PD4.GPIO_PuPd=GPIO_PULLDOWN
PD4.Locked=true
PD4.Signal=GPXTI4
PD5.GPIOParameters=GPIO_PuPd
PD5.GPIO_PuPd=GPIO_PULLDOWN
PD5.Locked=true
PD5.Signal=GPXTI5
PD6.GPIOParameters=GPIO_PuPd
PD6.GPIO_PuPd=GPIO_PULLDOWN
PD6.Locked=true
PD6.Signal=GPXTI6
PD7.GPIOParameters=GPIO_PuPd
PD7.GPIO_PuPd=GPIO_PULLDOWN
PD7.Locked=true
PD7.Signal=GPXTI7
PE4.Mode=SAI_A_Master
PE4.Signal=SAI1_FS_A
PE5.Mode=SAI_A_Master
PE5.Signal=SAI1_SCK_A
PE6.Mode=SAI_A_Master
PE6.Signal=SAI1_SD_A
PF6.Mode=Asynchronous
PF6.Signal=UART7_RX
PF7.Mode=Asynchronous
PF7.Signal=UART7_TX
PinOutPanel.RotationAngle=0
ProjectManager.AskForMigrate=true
ProjectManager.BackupPrevious=false
ProjectManager.CompilerOptimize=2
ProjectManager.ComputerToolchain=false
ProjectManager.CoupleFile=true
ProjectManager.CustomerFirmwarePackage=/Users/broganohara/STM32Cube/Repository/STM32Cube_FW_F7_V1.8.0
ProjectManager.DefaultFWLocation=true
ProjectManager.DeletePrevious=true
ProjectManager.DeviceId=STM32F767ZITx
ProjectManager.FirmwarePackage=STM32Cube FW_F7 V1.8.0
ProjectManager.FreePins=false
ProjectManager.HalAssertFull=false
ProjectManager.HeapSize=0x200
ProjectManager.KeepUserCode=true
ProjectManager.LastFirmware=true
ProjectManager.LibraryCopy=1
ProjectManager.PreviousToolchain=SW4STM32
ProjectManager.ProjectBuild=false
ProjectManager.ProjectFileName=MIDI_audio_footswitch.ioc
ProjectManager.ProjectName=MIDI_audio_footswitch
ProjectManager.StackSize=0x400
ProjectManager.TargetToolchain=SW4STM32
ProjectManager.ToolChainLocation=
ProjectManager.UnderRoot=true
ProjectManager.functionlistsort=1-MX_GPIO_Init-GPIO-false-HAL,2-MX_DMA_Init-DMA-false-HAL,3-SystemClock_Config-RCC-false-HAL,4-MX_CORTEX_M7_Init-CORTEX_M7-false-HAL,5-MX_SAI1_Init-SAI1-false-HAL,6-MX_SPI1_Init-SPI1-false-HAL,7-MX_UART7_Init-UART7-false-HAL
RCC.CECFreq_Value=32786.88524590164
RCC.DFSDMAudioFreq_Value=64666666.666666664
RCC.DFSDMFreq_Value=16000000
RCC.FamilyName=M
RCC.HSE_VALUE=25000000
RCC.HSI_VALUE=16000000
RCC.I2SFreq_Value=96000000
RCC.IPParameters=CECFreq_Value,DFSDMAudioFreq_Value,DFSDMFreq_Value,FamilyName,HSE_VALUE,HSI_VALUE,I2SFreq_Value,LCDTFTFreq_Value,LSE_VALUE,LSI_VALUE,PLLCLKFreq_Value,PLLI2SPCLKFreq_Value,PLLI2SQCLKFreq_Value,PLLI2SRCLKFreq_Value,PLLQCLKFreq_Value,PLLSAIN,PLLSAIPCLKFreq_Value,PLLSAIQ,PLLSAIQCLKFreq_Value,PLLSAIRCLKFreq_Value,PLLSAIoutputFreq_Value,RNGFreq_Value,SAI1Freq_Value,SAI2Freq_Value,SDMMC2Freq_Value,SDMMCFreq_Value,SPDIFRXFreq_Value,USBFreq_Value,VCOI2SOutputFreq_Value,VCOInputFreq_Value,VCOOutputFreq_Value,VCOSAIOutputFreq_Value
RCC.LCDTFTFreq_Value=48500000
RCC.LSE_VALUE=32768
RCC.LSI_VALUE=32000
RCC.PLLCLKFreq_Value=96000000
RCC.PLLI2SPCLKFreq_Value=96000000
RCC.PLLI2SQCLKFreq_Value=96000000
RCC.PLLI2SRCLKFreq_Value=96000000
RCC.PLLQCLKFreq_Value=96000000
RCC.PLLSAIN=194
RCC.PLLSAIPCLKFreq_Value=97000000
RCC.PLLSAIQ=3
RCC.PLLSAIQCLKFreq_Value=64666666.666666664
RCC.PLLSAIRCLKFreq_Value=97000000
RCC.PLLSAIoutputFreq_Value=97000000
RCC.RNGFreq_Value=96000000
RCC.SAI1Freq_Value=64666666.666666664
RCC.SAI2Freq_Value=64666666.666666664
RCC.SDMMC2Freq_Value=16000000
RCC.SDMMCFreq_Value=16000000
RCC.SPDIFRXFreq_Value=96000000
RCC.USBFreq_Value=96000000
RCC.VCOI2SOutputFreq_Value=192000000
RCC.VCOInputFreq_Value=1000000
RCC.VCOOutputFreq_Value=192000000
RCC.VCOSAIOutputFreq_Value=194000000
SAI1.IPParameters=Instance-SAI_A_Master,VirtualMode-SAI_A_Master,Synchro-SAI_A_Master,MClockEnable-SAI_A_Master,InitProtocol-SAI_A_Master,VirtualProtocol-SAI_A_BASIC
SAI1.InitProtocol-SAI_A_Master=Enable
SAI1.Instance-SAI_A_Master=SAI$Index_Block_A
SAI1.MClockEnable-SAI_A_Master=SAI_MASTERCLOCK_DISABLE
SAI1.Synchro-SAI_A_Master=SAI_ASYNCHRONOUS
SAI1.VirtualMode-SAI_A_Master=VM_MASTER
SAI1.VirtualProtocol-SAI_A_BASIC=VM_BASIC_PROTOCOL
SH.GPXTI10.0=GPIO_EXTI10
SH.GPXTI10.ConfNb=1
SH.GPXTI11.0=GPIO_EXTI11
SH.GPXTI11.ConfNb=1
SH.GPXTI12.0=GPIO_EXTI12
SH.GPXTI12.ConfNb=1
SH.GPXTI3.0=GPIO_EXTI3
SH.GPXTI3.ConfNb=1
SH.GPXTI4.0=GPIO_EXTI4
SH.GPXTI4.ConfNb=1
SH.GPXTI5.0=GPIO_EXTI5
SH.GPXTI5.ConfNb=1
SH.GPXTI6.0=GPIO_EXTI6
SH.GPXTI6.ConfNb=1
SH.GPXTI7.0=GPIO_EXTI7
SH.GPXTI7.ConfNb=1
SH.GPXTI8.0=GPIO_EXTI8
SH.GPXTI8.ConfNb=1
SH.GPXTI9.0=GPIO_EXTI9
SH.GPXTI9.ConfNb=1
SPI1.CalculateBaudRate=8.0 MBits/s
SPI1.Direction=SPI_DIRECTION_2LINES
SPI1.IPParameters=VirtualType,Mode,Direction,CalculateBaudRate
SPI1.Mode=SPI_MODE_MASTER
SPI1.VirtualType=VM_MASTER
VP_SAI1_VP_$IpInstance_SAIA_SAI_BASIC.Mode=SAI_A_BASIC
VP_SAI1_VP_$IpInstance_SAIA_SAI_BASIC.Signal=SAI1_VP_$IpInstance_SAIA_SAI_BASIC
VP_SYS_VS_Systick.Mode=SysTick
VP_SYS_VS_Systick.Signal=SYS_VS_Systick
board=MIDI_audio_footswitch
